
Microsoft Visual Studio Solution File, Format Version 12.00
# Visual Studio 15
VisualStudioVersion = 15.0.28307.102
MinimumVisualStudioVersion = 10.0.40219.1
Project("{FAE04EC0-301F-11D3-BF4B-00C04F79EFBC}") = "AdventOfCode2018", "AdventOfCode2018\AdventOfCode2018.csproj", "{48468E19-89BC-4CB0-A63D-CDED071A500A}"
EndProject
Global
	GlobalSection(SolutionConfigurationPlatforms) = preSolution
		Debug|Any CPU = Debug|Any CPU
		Release|Any CPU = Release|Any CPU
	EndGlobalSection
	GlobalSection(ProjectConfigurationPlatforms) = postSolution
		{48468E19-89BC-4CB0-A63D-CDED071A500A}.Debug|Any CPU.ActiveCfg = Debug|Any CPU
		{48468E19-89BC-4CB0-A63D-CDED071A500A}.Debug|Any CPU.Build.0 = Debug|Any CPU
		{48468E19-89BC-4CB0-A63D-CDED071A500A}.Release|Any CPU.ActiveCfg = Release|Any CPU
		{48468E19-89BC-4CB0-A63D-CDED071A500A}.Release|Any CPU.Build.0 = Release|Any CPU
	EndGlobalSection
	GlobalSection(SolutionProperties) = preSolution
		HideSolutionNode = FALSE
	EndGlobalSection
	GlobalSection(ExtensibilityGlobals) = postSolution
		SolutionGuid = {6BA6DE92-A93E-4074-AD04-9DC3D10ABFF3}
	EndGlobalSection
EndGlobal
